// !$*UTF8*$!
{
	archiveVersion = 1;
	classes = {
	};
	objectVersion = 46;
	objects = {

/* Begin PBXBuildFile section */
		8F1752C01F1720FC001EAF28 /* AppDelegate.swift in Sources */ = {isa = PBXBuildFile; fileRef = 8F1752BF1F1720FC001EAF28 /* AppDelegate.swift */; };
		8F1752C21F1720FC001EAF28 /* ViewController.swift in Sources */ = {isa = PBXBuildFile; fileRef = 8F1752C11F1720FC001EAF28 /* ViewController.swift */; };
		8F1752C51F1720FC001EAF28 /* Main.storyboard in Resources */ = {isa = PBXBuildFile; fileRef = 8F1752C31F1720FC001EAF28 /* Main.storyboard */; };
		8F1752C71F1720FC001EAF28 /* Assets.xcassets in Resources */ = {isa = PBXBuildFile; fileRef = 8F1752C61F1720FC001EAF28 /* Assets.xcassets */; };
		8F1752CA1F1720FC001EAF28 /* LaunchScreen.storyboard in Resources */ = {isa = PBXBuildFile; fileRef = 8F1752C81F1720FC001EAF28 /* LaunchScreen.storyboard */; };
		8F1752D51F1720FC001EAF28 /* Outlets_and_ActionsTests.swift in Sources */ = {isa = PBXBuildFile; fileRef = 8F1752D41F1720FC001EAF28 /* Outlets_and_ActionsTests.swift */; };
		8F1752E01F1720FC001EAF28 /* Outlets_and_ActionsUITests.swift in Sources */ = {isa = PBXBuildFile; fileRef = 8F1752DF1F1720FC001EAF28 /* Outlets_and_ActionsUITests.swift */; };
/* End PBXBuildFile section */

/* Begin PBXContainerItemProxy section */
		8F1752D11F1720FC001EAF28 /* PBXContainerItemProxy */ = {
			isa = PBXContainerItemProxy;
			containerPortal = 8F1752B41F1720FC001EAF28 /* Project object */;
			proxyType = 1;
			remoteGlobalIDString = 8F1752BB1F1720FC001EAF28;
			remoteInfo = "Outlets and Actions";
		};
		8F1752DC1F1720FC001EAF28 /* PBXContainerItemProxy */ = {
			isa = PBXContainerItemProxy;
			containerPortal = 8F1752B41F1720FC001EAF28 /* Project object */;
			proxyType = 1;
			remoteGlobalIDString = 8F1752BB1F1720FC001EAF28;
			remoteInfo = "Outlets and Actions";
		};
/* End PBXContainerItemProxy section */

/* Begin PBXFileReference section */
		8F1752BC1F1720FC001EAF28 /* Outlets and Actions.app */ = {isa = PBXFileReference; explicitFileType = wrapper.application; includeInIndex = 0; path = "Outlets and Actions.app"; sourceTree = BUILT_PRODUCTS_DIR; };
		8F1752BF1F1720FC001EAF28 /* AppDelegate.swift */ = {isa = PBXFileReference; lastKnownFileType = sourcecode.swift; path = AppDelegate.swift; sourceTree = "<group>"; };
		8F1752C11F1720FC001EAF28 /* ViewController.swift */ = {isa = PBXFileReference; lastKnownFileType = sourcecode.swift; path = ViewController.swift; sourceTree = "<group>"; };
		8F1752C41F1720FC001EAF28 /* Base */ = {isa = PBXFileReference; lastKnownFileType = file.storyboard; name = Base; path = Base.lproj/Main.storyboard; sourceTree = "<group>"; };
		8F1752C61F1720FC001EAF28 /* Assets.xcassets */ = {isa = PBXFileReference; lastKnownFileType = folder.assetcatalog; path = Assets.xcassets; sourceTree = "<group>"; };
		8F1752C91F1720FC001EAF28 /* Base */ = {isa = PBXFileReference; lastKnownFileType = file.storyboard; name = Base; path = Base.lproj/LaunchScreen.storyboard; sourceTree = "<group>"; };
		8F1752CB1F1720FC001EAF28 /* Info.plist */ = {isa = PBXFileReference; lastKnownFileType = text.plist.xml; path = Info.plist; sourceTree = "<group>"; };
		8F1752D01F1720FC001EAF28 /* Outlets and ActionsTests.xctest */ = {isa = PBXFileReference; explicitFileType = wrapper.cfbundle; includeInIndex = 0; path = "Outlets and ActionsTests.xctest"; sourceTree = BUILT_PRODUCTS_DIR; };
		8F1752D41F1720FC001EAF28 /* Outlets_and_ActionsTests.swift */ = {isa = PBXFileReference; lastKnownFileType = sourcecode.swift; path = Outlets_and_ActionsTests.swift; sourceTree = "<group>"; };
		8F1752D61F1720FC001EAF28 /* Info.plist */ = {isa = PBXFileReference; lastKnownFileType = text.plist.xml; path = Info.plist; sourceTree = "<group>"; };
		8F1752DB1F1720FC001EAF28 /* Outlets and ActionsUITests.xctest */ = {isa = PBXFileReference; explicitFileType = wrapper.cfbundle; includeInIndex = 0; path = "Outlets and ActionsUITests.xctest"; sourceTree = BUILT_PRODUCTS_DIR; };
		8F1752DF1F1720FC001EAF28 /* Outlets_and_ActionsUITests.swift */ = {isa = PBXFileReference; lastKnownFileType = sourcecode.swift; path = Outlets_and_ActionsUITests.swift; sourceTree = "<group>"; };
		8F1752E11F1720FC001EAF28 /* Info.plist */ = {isa = PBXFileReference; lastKnownFileType = text.plist.xml; path = Info.plist; sourceTree = "<group>"; };
/* End PBXFileReference section */

/* Begin PBXFrameworksBuildPhase section */
		8F1752B91F1720FC001EAF28 /* Frameworks */ = {
			isa = PBXFrameworksBuildPhase;
			buildActionMask = 2147483647;
			files = (
			);
			runOnlyForDeploymentPostprocessing = 0;
		};
		8F1752CD1F1720FC001EAF28 /* Frameworks */ = {
			isa = PBXFrameworksBuildPhase;
			buildActionMask = 2147483647;
			files = (
			);
			runOnlyForDeploymentPostprocessing = 0;
		};
		8F1752D81F1720FC001EAF28 /* Frameworks */ = {
			isa = PBXFrameworksBuildPhase;
			buildActionMask = 2147483647;
			files = (
			);
			runOnlyForDeploymentPostprocessing = 0;
		};
/* End PBXFrameworksBuildPhase section */

/* Begin PBXGroup section */
		8F1752B31F1720FC001EAF28 = {
			isa = PBXGroup;
			children = (
				8F1752BE1F1720FC001EAF28 /* Outlets and Actions */,
				8F1752D31F1720FC001EAF28 /* Outlets and ActionsTests */,
				8F1752DE1F1720FC001EAF28 /* Outlets and ActionsUITests */,
				8F1752BD1F1720FC001EAF28 /* Products */,
			);
			sourceTree = "<group>";
		};
		8F1752BD1F1720FC001EAF28 /* Products */ = {
			isa = PBXGroup;
			children = (
				8F1752BC1F1720FC001EAF28 /* Outlets and Actions.app */,
				8F1752D01F1720FC001EAF28 /* Outlets and ActionsTests.xctest */,
				8F1752DB1F1720FC001EAF28 /* Outlets and ActionsUITests.xctest */,
			);
			name = Products;
			sourceTree = "<group>";
		};
		8F1752BE1F1720FC001EAF28 /* Outlets and Actions */ = {
			isa = PBXGroup;
			children = (
				8F1752BF1F1720FC001EAF28 /* AppDelegate.swift */,
				8F1752C11F1720FC001EAF28 /* ViewController.swift */,
				8F1752C31F1720FC001EAF28 /* Main.storyboard */,
				8F1752C61F1720FC001EAF28 /* Assets.xcassets */,
				8F1752C81F1720FC001EAF28 /* LaunchScreen.storyboard */,
				8F1752CB1F1720FC001EAF28 /* Info.plist */,
			);
			path = "Outlets and Actions";
			sourceTree = "<group>";
		};
		8F1752D31F1720FC001EAF28 /* Outlets and ActionsTests */ = {
			isa = PBXGroup;
			children = (
				8F1752D41F1720FC001EAF28 /* Outlets_and_ActionsTests.swift */,
				8F1752D61F1720FC001EAF28 /* Info.plist */,
			);
			path = "Outlets and ActionsTests";
			sourceTree = "<group>";
		};
		8F1752DE1F1720FC001EAF28 /* Outlets and ActionsUITests */ = {
			isa = PBXGroup;
			children = (
				8F1752DF1F1720FC001EAF28 /* Outlets_and_ActionsUITests.swift */,
				8F1752E11F1720FC001EAF28 /* Info.plist */,
			);
			path = "Outlets and ActionsUITests";
			sourceTree = "<group>";
		};
/* End PBXGroup section */

/* Begin PBXNativeTarget section */
		8F1752BB1F1720FC001EAF28 /* Outlets and Actions */ = {
			isa = PBXNativeTarget;
			buildConfigurationList = 8F1752E41F1720FC001EAF28 /* Build configuration list for PBXNativeTarget "Outlets and Actions" */;
			buildPhases = (
				8F1752B81F1720FC001EAF28 /* Sources */,
				8F1752B91F1720FC001EAF28 /* Frameworks */,
				8F1752BA1F1720FC001EAF28 /* Resources */,
			);
			buildRules = (
			);
			dependencies = (
			);
			name = "Outlets and Actions";
			productName = "Outlets and Actions";
			productReference = 8F1752BC1F1720FC001EAF28 /* Outlets and Actions.app */;
			productType = "com.apple.product-type.application";
		};
		8F1752CF1F1720FC001EAF28 /* Outlets and ActionsTests */ = {
			isa = PBXNativeTarget;
			buildConfigurationList = 8F1752E71F1720FC001EAF28 /* Build configuration list for PBXNativeTarget "Outlets and ActionsTests" */;
			buildPhases = (
				8F1752CC1F1720FC001EAF28 /* Sources */,
				8F1752CD1F1720FC001EAF28 /* Frameworks */,
				8F1752CE1F1720FC001EAF28 /* Resources */,
			);
			buildRules = (
			);
			dependencies = (
				8F1752D21F1720FC001EAF28 /* PBXTargetDependency */,
			);
			name = "Outlets and ActionsTests";
			productName = "Outlets and ActionsTests";
			productReference = 8F1752D01F1720FC001EAF28 /* Outlets and ActionsTests.xctest */;
			productType = "com.apple.product-type.bundle.unit-test";
		};
		8F1752DA1F1720FC001EAF28 /* Outlets and ActionsUITests */ = {
			isa = PBXNativeTarget;
			buildConfigurationList = 8F1752EA1F1720FC001EAF28 /* Build configuration list for PBXNativeTarget "Outlets and ActionsUITests" */;
			buildPhases = (
				8F1752D71F1720FC001EAF28 /* Sources */,
				8F1752D81F1720FC001EAF28 /* Frameworks */,
				8F1752D91F1720FC001EAF28 /* Resources */,
			);
			buildRules = (
			);
			dependencies = (
				8F1752DD1F1720FC001EAF28 /* PBXTargetDependency */,
			);
			name = "Outlets and ActionsUITests";
			productName = "Outlets and ActionsUITests";
			productReference = 8F1752DB1F1720FC001EAF28 /* Outlets and ActionsUITests.xctest */;
			productType = "com.apple.product-type.bundle.ui-testing";
		};
/* End PBXNativeTarget section */

/* Begin PBXProject section */
		8F1752B41F1720FC001EAF28 /* Project object */ = {
			isa = PBXProject;
			attributes = {
				LastSwiftUpdateCheck = 0830;
				LastUpgradeCheck = 0830;
				ORGANIZATIONNAME = dhlsnow;
				TargetAttributes = {
					8F1752BB1F1720FC001EAF28 = {
						CreatedOnToolsVersion = 8.3.3;
						ProvisioningStyle = Automatic;
					};
					8F1752CF1F1720FC001EAF28 = {
						CreatedOnToolsVersion = 8.3.3;
						ProvisioningStyle = Automatic;
						TestTargetID = 8F1752BB1F1720FC001EAF28;
					};
					8F1752DA1F1720FC001EAF28 = {
						CreatedOnToolsVersion = 8.3.3;
						ProvisioningStyle = Automatic;
						TestTargetID = 8F1752BB1F1720FC001EAF28;
					};
				};
			};
			buildConfigurationList = 8F1752B71F1720FC001EAF28 /* Build configuration list for PBXProject "Outlets and Actions" */;
			compatibilityVersion = "Xcode 3.2";
			developmentRegion = English;
			hasScannedForEncodings = 0;
			knownRegions = (
				en,
				Base,
			);
			mainGroup = 8F1752B31F1720FC001EAF28;
			productRefGroup = 8F1752BD1F1720FC001EAF28 /* Products */;
			projectDirPath = "";
			projectRoot = "";
			targets = (
				8F1752BB1F1720FC001EAF28 /* Outlets and Actions */,
				8F1752CF1F1720FC001EAF28 /* Outlets and ActionsTests */,
				8F1752DA1F1720FC001EAF28 /* Outlets and ActionsUITests */,
			);
		};
/* End PBXProject section */

/* Begin PBXResourcesBuildPhase section */
		8F1752BA1F1720FC001EAF28 /* Resources */ = {
			isa = PBXResourcesBuildPhase;
			buildActionMask = 2147483647;
			files = (
				8F1752CA1F1720FC001EAF28 /* LaunchScreen.storyboard in Resources */,
				8F1752C71F1720FC001EAF28 /* Assets.xcassets in Resources */,
				8F1752C51F1720FC001EAF28 /* Main.storyboard in Resources */,
			);
			runOnlyForDeploymentPostprocessing = 0;
		};
		8F1752CE1F1720FC001EAF28 /* Resources */ = {
			isa = PBXResourcesBuildPhase;
			buildActionMask = 2147483647;
			files = (
			);
			runOnlyForDeploymentPostprocessing = 0;
		};
		8F1752D91F1720FC001EAF28 /* Resources */ = {
			isa = PBXResourcesBuildPhase;
			buildActionMask = 2147483647;
			files = (
			);
			runOnlyForDeploymentPostprocessing = 0;
		};
/* End PBXResourcesBuildPhase section */

/* Begin PBXSourcesBuildPhase section */
		8F1752B81F1720FC001EAF28 /* Sources */ = {
			isa = PBXSourcesBuildPhase;
			buildActionMask = 2147483647;
			files = (
				8F1752C21F1720FC001EAF28 /* ViewController.swift in Sources */,
				8F1752C01F1720FC001EAF28 /* AppDelegate.swift in Sources */,
			);
			runOnlyForDeploymentPostprocessing = 0;
		};
		8F1752CC1F1720FC001EAF28 /* Sources */ = {
			isa = PBXSourcesBuildPhase;
			buildActionMask = 2147483647;
			files = (
				8F1752D51F1720FC001EAF28 /* Outlets_and_ActionsTests.swift in Sources */,
			);
			runOnlyForDeploymentPostprocessing = 0;
		};
		8F1752D71F1720FC001EAF28 /* Sources */ = {
			isa = PBXSourcesBuildPhase;
			buildActionMask = 2147483647;
			files = (
				8F1752E01F1720FC001EAF28 /* Outlets_and_ActionsUITests.swift in Sources */,
			);
			runOnlyForDeploymentPostprocessing = 0;
		};
/* End PBXSourcesBuildPhase section */

/* Begin PBXTargetDependency section */
		8F1752D21F1720FC001EAF28 /* PBXTargetDependency */ = {
			isa = PBXTargetDependency;
			target = 8F1752BB1F1720FC001EAF28 /* Outlets and Actions */;
			targetProxy = 8F1752D11F1720FC001EAF28 /* PBXContainerItemProxy */;
		};
		8F1752DD1F1720FC001EAF28 /* PBXTargetDependency */ = {
			isa = PBXTargetDependency;
			target = 8F1752BB1F1720FC001EAF28 /* Outlets and Actions */;
			targetProxy = 8F1752DC1F1720FC001EAF28 /* PBXContainerItemProxy */;
		};
/* End PBXTargetDependency section */

/* Begin PBXVariantGroup section */
		8F1752C31F1720FC001EAF28 /* Main.storyboard */ = {
			isa = PBXVariantGroup;
			children = (
				8F1752C41F1720FC001EAF28 /* Base */,
			);
			name = Main.storyboard;
			sourceTree = "<group>";
		};
		8F1752C81F1720FC001EAF28 /* LaunchScreen.storyboard */ = {
			isa = PBXVariantGroup;
			children = (
				8F1752C91F1720FC001EAF28 /* Base */,
			);
			name = LaunchScreen.storyboard;
			sourceTree = "<group>";
		};
/* End PBXVariantGroup section */

/* Begin XCBuildConfiguration section */
		8F1752E21F1720FC001EAF28 /* Debug */ = {
			isa = XCBuildConfiguration;
			buildSettings = {
				ALWAYS_SEARCH_USER_PATHS = NO;
				CLANG_ANALYZER_NONNULL = YES;
				CLANG_ANALYZER_NUMBER_OBJECT_CONVERSION = YES_AGGRESSIVE;
				CLANG_CXX_LANGUAGE_STANDARD = "gnu++0x";
				CLANG_CXX_LIBRARY = "libc++";
				CLANG_ENABLE_MODULES = YES;
				CLANG_ENABLE_OBJC_ARC = YES;
				CLANG_WARN_BOOL_CONVERSION = YES;
				CLANG_WARN_CONSTANT_CONVERSION = YES;
				CLANG_WARN_DIRECT_OBJC_ISA_USAGE = YES_ERROR;
				CLANG_WARN_DOCUMENTATION_COMMENTS = YES;
				CLANG_WARN_EMPTY_BODY = YES;
				CLANG_WARN_ENUM_CONVERSION = YES;
				CLANG_WARN_INFINITE_RECURSION = YES;
				CLANG_WARN_INT_CONVERSION = YES;
				CLANG_WARN_OBJC_ROOT_CLASS = YES_ERROR;
				CLANG_WARN_SUSPICIOUS_MOVE = YES;
				CLANG_WARN_UNREACHABLE_CODE = YES;
				CLANG_WARN__DUPLICATE_METHOD_MATCH = YES;
				"CODE_SIGN_IDENTITY[sdk=iphoneos*]" = "iPhone Developer";
				COPY_PHASE_STRIP = NO;
				DEBUG_INFORMATION_FORMAT = dwarf;
				ENABLE_STRICT_OBJC_MSGSEND = YES;
				ENABLE_TESTABILITY = YES;
				GCC_C_LANGUAGE_STANDARD = gnu99;
				GCC_DYNAMIC_NO_PIC = NO;
				GCC_NO_COMMON_BLOCKS = YES;
				GCC_OPTIMIZATION_LEVEL = 0;
				GCC_PREPROCESSOR_DEFINITIONS = (
					"DEBUG=1",
					"$(inherited)",
				);
				GCC_WARN_64_TO_32_BIT_CONVERSION = YES;
				GCC_WARN_ABOUT_RETURN_TYPE = YES_ERROR;
				GCC_WARN_UNDECLARED_SELECTOR = YES;
				GCC_WARN_UNINITIALIZED_AUTOS = YES_AGGRESSIVE;
				GCC_WARN_UNUSED_FUNCTION = YES;
				GCC_WARN_UNUSED_VARIABLE = YES;
				IPHONEOS_DEPLOYMENT_TARGET = 10.3;
				MTL_ENABLE_DEBUG_INFO = YES;
				ONLY_ACTIVE_ARCH = YES;
				SDKROOT = iphoneos;
				SWIFT_ACTIVE_COMPILATION_CONDITIONS = DEBUG;
				SWIFT_OPTIMIZATION_LEVEL = "-Onone";
				TARGETED_DEVICE_FAMILY = "1,2";
			};
			name = Debug;
		};
		8F1752E31F1720FC001EAF28 /* Release */ = {
			isa = XCBuildConfiguration;
			buildSettings = {
				ALWAYS_SEARCH_USER_PATHS = NO;
				CLANG_ANALYZER_NONNULL = YES;
				CLANG_ANALYZER_NUMBER_OBJECT_CONVERSION = YES_AGGRESSIVE;
				CLANG_CXX_LANGUAGE_STANDARD = "gnu++0x";
				CLANG_CXX_LIBRARY = "libc++";
				CLANG_ENABLE_MODULES = YES;
				CLANG_ENABLE_OBJC_ARC = YES;
				CLANG_WARN_BOOL_CONVERSION = YES;
				CLANG_WARN_CONSTANT_CONVERSION = YES;
				CLANG_WARN_DIRECT_OBJC_ISA_USAGE = YES_ERROR;
				CLANG_WARN_DOCUMENTATION_COMMENTS = YES;
				CLANG_WARN_EMPTY_BODY = YES;
				CLANG_WARN_ENUM_CONVERSION = YES;
				CLANG_WARN_INFINITE_RECURSION = YES;
				CLANG_WARN_INT_CONVERSION = YES;
				CLANG_WARN_OBJC_ROOT_CLASS = YES_ERROR;
				CLANG_WARN_SUSPICIOUS_MOVE = YES;
				CLANG_WARN_UNREACHABLE_CODE = YES;
				CLANG_WARN__DUPLICATE_METHOD_MATCH = YES;
				"CODE_SIGN_IDENTITY[sdk=iphoneos*]" = "iPhone Developer";
				COPY_PHASE_STRIP = NO;
				DEBUG_INFORMATION_FORMAT = "dwarf-with-dsym";
				ENABLE_NS_ASSERTIONS = NO;
				ENABLE_STRICT_OBJC_MSGSEND = YES;
				GCC_C_LANGUAGE_STANDARD = gnu99;
				GCC_NO_COMMON_BLOCKS = YES;
				GCC_WARN_64_TO_32_BIT_CONVERSION = YES;
				GCC_WARN_ABOUT_RETURN_TYPE = YES_ERROR;
				GCC_WARN_UNDECLARED_SELECTOR = YES;
				GCC_WARN_UNINITIALIZED_AUTOS = YES_AGGRESSIVE;
				GCC_WARN_UNUSED_FUNCTION = YES;
				GCC_WARN_UNUSED_VARIABLE = YES;
				IPHONEOS_DEPLOYMENT_TARGET = 10.3;
				MTL_ENABLE_DEBUG_INFO = NO;
				SDKROOT = iphoneos;
				SWIFT_OPTIMIZATION_LEVEL = "-Owholemodule";
				TARGETED_DEVICE_FAMILY = "1,2";
				VALIDATE_PRODUCT = YES;
			};
			name = Release;
		};
		8F1752E51F1720FC001EAF28 /* Debug */ = {
			isa = XCBuildConfiguration;
			buildSettings = {
				ASSETCATALOG_COMPILER_APPICON_NAME = AppIcon;
				INFOPLIST_FILE = "Outlets and Actions/Info.plist";
				LD_RUNPATH_SEARCH_PATHS = "$(inherited) @executable_path/Frameworks";
				PRODUCT_BUNDLE_IDENTIFIER = "dhlsnow.Outlets-and-Actions";
				PRODUCT_NAME = "$(TARGET_NAME)";
				SWIFT_VERSION = 3.0;
			};
			name = Debug;
		};
		8F1752E61F1720FC001EAF28 /* Release */ = {
			isa = XCBuildConfiguration;
			buildSettings = {
				ASSETCATALOG_COMPILER_APPICON_NAME = AppIcon;
				INFOPLIST_FILE = "Outlets and Actions/Info.plist";
				LD_RUNPATH_SEARCH_PATHS = "$(inherited) @executable_path/Frameworks";
				PRODUCT_BUNDLE_IDENTIFIER = "dhlsnow.Outlets-and-Actions";
				PRODUCT_NAME = "$(TARGET_NAME)";
				SWIFT_VERSION = 3.0;
			};
			name = Release;
		};
		8F1752E81F1720FC001EAF28 /* Debug */ = {
			isa = XCBuildConfiguration;
			buildSettings = {
				ALWAYS_EMBED_SWIFT_STANDARD_LIBRARIES = YES;
				BUNDLE_LOADER = "$(TEST_HOST)";
				INFOPLIST_FILE = "Outlets and ActionsTests/Info.plist";
				LD_RUNPATH_SEARCH_PATHS = "$(inherited) @executable_path/Frameworks @loader_path/Frameworks";
				PRODUCT_BUNDLE_IDENTIFIER = "dhlsnow.Outlets-and-ActionsTests";
				PRODUCT_NAME = "$(TARGET_NAME)";
				SWIFT_VERSION = 3.0;
				TEST_HOST = "$(BUILT_PRODUCTS_DIR)/Outlets and Actions.app/Outlets and Actions";
			};
			name = Debug;
		};
		8F1752E91F1720FC001EAF28 /* Release */ = {
			isa = XCBuildConfiguration;
			buildSettings = {
				ALWAYS_EMBED_SWIFT_STANDARD_LIBRARIES = YES;
				BUNDLE_LOADER = "$(TEST_HOST)";
				INFOPLIST_FILE = "Outlets and ActionsTests/Info.plist";
				LD_RUNPATH_SEARCH_PATHS = "$(inherited) @executable_path/Frameworks @loader_path/Frameworks";
				PRODUCT_BUNDLE_IDENTIFIER = "dhlsnow.Outlets-and-ActionsTests";
				PRODUCT_NAME = "$(TARGET_NAME)";
				SWIFT_VERSION = 3.0;
				TEST_HOST = "$(BUILT_PRODUCTS_DIR)/Outlets and Actions.app/Outlets and Actions";
			};
			name = Release;
		};
		8F1752EB1F1720FC001EAF28 /* Debug */ = {
			isa = XCBuildConfiguration;
			buildSettings = {
				ALWAYS_EMBED_SWIFT_STANDARD_LIBRARIES = YES;
				INFOPLIST_FILE = "Outlets and ActionsUITests/Info.plist";
				LD_RUNPATH_SEARCH_PATHS = "$(inherited) @executable_path/Frameworks @loader_path/Frameworks";
				PRODUCT_BUNDLE_IDENTIFIER = "dhlsnow.Outlets-and-ActionsUITests";
				PRODUCT_NAME = "$(TARGET_NAME)";
				SWIFT_VERSION = 3.0;
				TEST_TARGET_NAME = "Outlets and Actions";
			};
			name = Debug;
		};
		8F1752EC1F1720FC001EAF28 /* Release */ = {
			isa = XCBuildConfiguration;
			buildSettings = {
				ALWAYS_EMBED_SWIFT_STANDARD_LIBRARIES = YES;
				INFOPLIST_FILE = "Outlets and ActionsUITests/Info.plist";
				LD_RUNPATH_SEARCH_PATHS = "$(inherited) @executable_path/Frameworks @loader_path/Frameworks";
				PRODUCT_BUNDLE_IDENTIFIER = "dhlsnow.Outlets-and-ActionsUITests";
				PRODUCT_NAME = "$(TARGET_NAME)";
				SWIFT_VERSION = 3.0;
				TEST_TARGET_NAME = "Outlets and Actions";
			};
			name = Release;
		};
/* End XCBuildConfiguration section */

/* Begin XCConfigurationList section */
		8F1752B71F1720FC001EAF28 /* Build configuration list for PBXProject "Outlets and Actions" */ = {
			isa = XCConfigurationList;
			buildConfigurations = (
				8F1752E21F1720FC001EAF28 /* Debug */,
				8F1752E31F1720FC001EAF28 /* Release */,
			);
			defaultConfigurationIsVisible = 0;
			defaultConfigurationName = Release;
		};
		8F1752E41F1720FC001EAF28 /* Build configuration list for PBXNativeTarget "Outlets and Actions" */ = {
			isa = XCConfigurationList;
			buildConfigurations = (
				8F1752E51F1720FC001EAF28 /* Debug */,
				8F1752E61F1720FC001EAF28 /* Release */,
			);
			defaultConfigurationIsVisible = 0;
		};
		8F1752E71F1720FC001EAF28 /* Build configuration list for PBXNativeTarget "Outlets and ActionsTests" */ = {
			isa = XCConfigurationList;
			buildConfigurations = (
				8F1752E81F1720FC001EAF28 /* Debug */,
				8F1752E91F1720FC001EAF28 /* Release */,
			);
			defaultConfigurationIsVisible = 0;
		};
		8F1752EA1F1720FC001EAF28 /* Build configuration list for PBXNativeTarget "Outlets and ActionsUITests" */ = {
			isa = XCConfigurationList;
			buildConfigurations = (
				8F1752EB1F1720FC001EAF28 /* Debug */,
				8F1752EC1F1720FC001EAF28 /* Release */,
			);
			defaultConfigurationIsVisible = 0;
		};
/* End XCConfigurationList section */
	};
	rootObject = 8F1752B41F1720FC001EAF28 /* Project object */;
}
